# This file is automatically @generated by Poetry 2.4.1 and should not be changed by hand.

[[package]]
name = "docopt"
version = "0.6.2"
description = "Pythonic argument parser, that will make you smile"
optional = false
python-versions = "*"
groups = ["main"]
files = [
    {file = "docopt-0.6.2.tar.gz", hash = "sha256:49b3a825280bd66b3aa83585ef59c4a8c82f2c8a522dbe754a8bc8d08c85c491"},
]

[[package]]
name = "lief"
version = "0.17.2"
description = "Library to instrument executable formats"
optional = false
python-versions = ">=3.8"
groups = ["main"]
files = [
    {file = "lief-0.17.2-cp310-cp310-macosx_11_0_arm64.whl", hash = "sha256:68386290df636c37ac554a48a78a0ca04fc458056ab9751089f6cba7bf35b864"},
    {file = "lief-0.17.2-cp310-cp310-macosx_11_0_x86_64.whl", hash = "sha256:056e7656293d96c86944fb4cf1075e016d036d329cac4a22d81ebfaacfd6bd7c"},
    {file = "lief-0.17.2-cp310-cp310-manylinux2014_aarch64.whl", hash = "sha256:a4a494415e2f4c3266402d1c3708b6c81f7cfd0fbb82d6f19484cd25c331e449"},
    {file = "lief-0.17.2-cp310-cp310-manylinux_2_28_i686.whl", hash = "sha256:be6fdb3d8e987245f7d4c70a5c1c79dc3a39bc5db813345d5711cfdcb1f47a19"},
    {file = "lief-0.17.2-cp310-cp310-manylinux_2_28_x86_64.whl", hash = "sha256:8b32642fa80776ef57249b5d1f2e2b2fb8df21600d4d73668ffa2ce65c876a8e"},
    {file = "lief-0.17.2-cp310-cp310-musllinux_1_2_aarch64.whl", hash = "sha256:c54fd4bc37f71eec24357758b81e231e56b9cd2652225e558cb0f90784bff0cd"},
    {file = "lief-0.17.2-cp310-cp310-musllinux_1_2_i686.whl", hash = "sha256:aab1e95e14d65cda4b6b6eede12d8ebc98d5e29a75ae57d738fa933b2a2dcf5c"},
    {file = "lief-0.17.2-cp310-cp310-musllinux_1_2_x86_64.whl", hash = "sha256:8dd3c8197882d5832ed0956b27c5a80754fe3593f0728ed16e2cf478e6ae920e"},
    {file = "lief-0.17.2-cp310-cp310-win32.whl", hash = "sha256:630a3eab90ddc1a390e19245f4612079133724e94ec953f35031424565c2a4f4"},
    {file = "lief-0.17.2-cp310-cp310-win_amd64.whl", hash = "sha256:54371d658de9dc5e227bcb651ddd9647824fbc167679e7b0d2d1f8856c04a061"},
    {file = "lief-0.17.2-cp311-cp311-macosx_11_0_arm64.whl", hash = "sha256:3b3d594ddd70842c88488760a5bfe902e067585b1da9f9318bf561bf509399e7"},
    {file = "lief-0.17.2-cp311-cp311-macosx_11_0_x86_64.whl", hash = "sha256:4e8a105005283d16ce0cdfb92a5ad4b4afe836016006bb0b5e54c0d582a5a347"},
    {file = "lief-0.17.2-cp311-cp311-manylinux2014_aarch64.whl", hash = "sha256:f8cb266d2b13f11f298c88640be3cd2a438b8fc84afe282261b1b10474fabe7e"},
    {file = "lief-0.17.2-cp311-cp311-manylinux_2_28_i686.whl", hash = "sha256:75306fe656a536b2f658759b20ca54e02e8d7862e11281f1822ee9e5f3562986"},
    {file = "lief-0.17.2-cp311-cp311-manylinux_2_28_x86_64.whl", hash = "sha256:29c58ecacd54d6b12d55366022a4395c82956ae39711a2c4dbf442d832ec6dee"},
    {file = "lief-0.17.2-cp311-cp311-musllinux_1_2_aarch64.whl", hash = "sha256:be37addb662e5899b295adbac1f00ed1241dca5883554f39152d80c658bf31ba"},
    {file = "lief-0.17.2-cp311-cp311-musllinux_1_2_i686.whl", hash = "sha256:d985cd7b4637dc7d47f22bdc17053d1cd9094c7643cd02281b76f42b1a9d7d71"},
    {file = "lief-0.17.2-cp311-cp311-musllinux_1_2_x86_64.whl", hash = "sha256:38a4b8570be6f51d845c85e4728fb88b9f956bb0ebca193201cd186ac8fb7e9b"},
    {file = "lief-0.17.2-cp311-cp311-win32.whl", hash = "sha256:80acf55757a3e55ca94f83874b139d8aa2f0d07f055cf962e814819cb992b632"},
    {file = "lief-0.17.2-cp311-cp311-win_amd64.whl", hash = "sha256:8e31ebc7ae82d147c12be7694ca59213c6d533327ee7d3ed68a0d6314438e48f"},
    {file = "lief-0.17.2-cp311-cp311-win_arm64.whl", hash = "sha256:9dff74f7ea8ce7667c809d8ad5e4fd2d85b7aed68ccd21c428c6de6ca925f52a"},
    {file = "lief-0.17.2-cp312-cp312-macosx_11_0_arm64.whl", hash = "sha256:f4fc79c30c901a7359810b70d8851183b638dd1da08f2b4830d2581cf0a570c2"},
    {file = "lief-0.17.2-cp312-cp312-macosx_11_0_x86_64.whl", hash = "sha256:4cd64a7a564fd1a18e8a4546d51ba94f42e04b9b5988f23d076b5590974b0814"},
    {file = "lief-0.17.2-cp312-cp312-manylinux2014_aarch64.whl", hash = "sha256:299b8b4617110c55870412e2f7091de2f01d4453590cee211494f9d247b49f4b"},
    {file = "lief-0.17.2-cp312-cp312-manylinux_2_28_i686.whl", hash = "sha256:f486d20e9511874986f7d3031f657cdd4bf5355d54660dbafd849ff082a09004"},
    {file = "lief-0.17.2-cp312-cp312-manylinux_2_28_x86_64.whl", hash = "sha256:38df6ec1a222faa507e9e5dbdd153384168161a492af88cb9259569809220e4e"},
    {file = "lief-0.17.2-cp312-cp312-musllinux_1_2_aarch64.whl", hash = "sha256:5e7a4ea7d882c95a24ec574f16ec6a297a698cc8685f8c5f43d8e2a7c709012a"},
    {file = "lief-0.17.2-cp312-cp312-musllinux_1_2_i686.whl", hash = "sha256:47d24f09322f94ad425c89cac57a05a1d0c79340363c218680202020f021d727"},
    {file = "lief-0.17.2-cp312-cp312-musllinux_1_2_x86_64.whl", hash = "sha256:cebfa8d2c763771d0f89b06f3b0d47c4670a7dfc05471eed87ae6046c1f0b2bf"},
    {file = "lief-0.17.2-cp312-cp312-win32.whl", hash = "sha256:aa267a4950f9aa721e431c25a4032275b4e879ff9d265465d42db43ba8fefaaa"},
    {file = "lief-0.17.2-cp312-cp312-win_amd64.whl", hash = "sha256:594ab820b46ad1e411ff476ad8e87bb2f453a0011d16c936912e4774d40891bb"},
    {file = "lief-0.17.2-cp312-cp312-win_arm64.whl", hash = "sha256:c0c0332b4c20a0aee9712cf19b2b51188f75755a86431d29a9724fcb2d8a8106"},
    {file = "lief-0.17.2-cp313-cp313-macosx_11_0_arm64.whl", hash = "sha256:534aedbc7ccb38a989e0c9c6029e1c195bc7e7d6ae75c6cf484a6b62eff526b0"},
    {file = "lief-0.17.2-cp313-cp313-macosx_11_0_x86_64.whl", hash = "sha256:eb6c49157dc84e23d3eccbfc95491b07d08e81bf590f31237cca173926c27e4a"},
    {file = "lief-0.17.2-cp313-cp313-manylinux2014_aarch64.whl", hash = "sha256:9183ef07238ae5be6d052dbc464a8350568fd4444957ab49646c5e0080774bb9"},
    {file = "lief-0.17.2-cp313-cp313-manylinux_2_28_i686.whl", hash = "sha256:57a76fed9eb47d81564e306eb9b34b4fcb765f2a5df85772a217436ed134d19f"},
    {file = "lief-0.17.2-cp313-cp313-manylinux_2_28_x86_64.whl", hash = "sha256:4d218e6681aa6272439f97788fe8855f043d1e4f2d8cddf475d262f9b28dddfa"},
    {file = "lief-0.17.2-cp313-cp313-musllinux_1_2_aarch64.whl", hash = "sha256:24d254f9b959e80cc7e989c7cd2cb4a75338a7c6e728118a0326ec260414e2fa"},
    {file = "lief-0.17.2-cp313-cp313-musllinux_1_2_i686.whl", hash = "sha256:56e3f82c94f3a8df71e923e1eda860fc0333ed0749c21e1510e06975557322dc"},
    {file = "lief-0.17.2-cp313-cp313-musllinux_1_2_x86_64.whl", hash = "sha256:f08b77b6ca6c03800abf55d2754cc8cdf273fe440ec93e2c67600b3c96541f2e"},
    {file = "lief-0.17.2-cp313-cp313-win32.whl", hash = "sha256:48aa1e97bd532b50ebe168673f9f734dc01bcbf0d6106ecb71eaec3081bea826"},
    {file = "lief-0.17.2-cp313-cp313-win_amd64.whl", hash = "sha256:fdee58d603d96ae0d4313d8b17afde8e320a5fb6a21eb005e724d21f1af4601f"},
    {file = "lief-0.17.2-cp313-cp313-win_arm64.whl", hash = "sha256:66a02009f0b9bc8caa9850fd01d3b6d20f2f55416cea8fa068b878aa7476295f"},
    {file = "lief-0.17.2-cp314-cp314-macosx_11_0_arm64.whl", hash = "sha256:cb3e1c34905926ffd0371b27cfee4879956500680ed082f2e6f612dd73b372f9"},
    {file = "lief-0.17.2-cp314-cp314-macosx_11_0_x86_64.whl", hash = "sha256:8f61ee95413e82f91721e1f15e8d0b187ebdf1488ac1f0677c16b9778d176875"},
    {file = "lief-0.17.2-cp314-cp314-manylinux2014_aarch64.whl", hash = "sha256:52f93268a738a8653815e17b8c16b7292cfe509ad3eae397cc4d9df153242779"},
    {file = "lief-0.17.2-cp314-cp314-manylinux_2_28_i686.whl", hash = "sha256:92f49c2159ecb9d3ab266e8e1685e63d223e8a3b2279657f10a8a98821053141"},
    {file = "lief-0.17.2-cp314-cp314-manylinux_2_28_x86_64.whl", hash = "sha256:4fe12e50be1c36dbecd637687ed406f6516614a6f0dc2455f84d3527671402f9"},
    {file = "lief-0.17.2-cp314-cp314-musllinux_1_2_aarch64.whl", hash = "sha256:dc2f1e6eaae28aaebf7309c982775bb62da9ef83fbbb5a97370d99aff746c83f"},
    {file = "lief-0.17.2-cp314-cp314-musllinux_1_2_i686.whl", hash = "sha256:7fa5855b72da404ba75e2f55a64ba8329b0651bc21129fa1aca2daa76918a249"},
    {file = "lief-0.17.2-cp314-cp314-musllinux_1_2_x86_64.whl", hash = "sha256:e6bb5eefd4b43a421642a1e5aecb386f4c1deda1d03778c5ab4b26d9caf87b2c"},
    {file = "lief-0.17.2-cp314-cp314-win32.whl", hash = "sha256:e0f58a0c382e005c3649f2ba1d8bec2309e75f829427002f354ef60c91abffe9"},
    {file = "lief-0.17.2-cp314-cp314-win_amd64.whl", hash = "sha256:005a608fb9590929506bbcf368497fc39911368669aaff01544d9cc1b82e2460"},
    {file = "lief-0.17.2-cp38-cp38-macosx_11_0_arm64.whl", hash = "sha256:14118424fc2714d4bbb1d7049e73ff3ec79d4dfd8f45d7dab73c69e2c192aef2"},
    {file = "lief-0.17.2-cp38-cp38-macosx_11_0_x86_64.whl", hash = "sha256:0bb2e1654390b38d7f239872251afb4ac5be65fee233976ba0d57b5f7eb847bb"},
    {file = "lief-0.17.2-cp38-cp38-manylinux2014_aarch64.whl", hash = "sha256:50a97957c71dfe359ba5a04d3d64e41148f75ff319ee7b79633b1a936543b18e"},
    {file = "lief-0.17.2-cp38-cp38-manylinux_2_28_i686.whl", hash = "sha256:2fc5678ec1542868d98bd4c7332b5c9ca57e1cdb271af93225a58da79ff08021"},
    {file = "lief-0.17.2-cp38-cp38-manylinux_2_28_x86_64.whl", hash = "sha256:19bdac2365b0048a1b6faaa7aac4c23e4adbc4f3713db764daa5f6c93026effb"},
    {file = "lief-0.17.2-cp38-cp38-musllinux_1_2_aarch64.whl", hash = "sha256:9d7f45ba10e2d4bb3e5277a00400c1c3cff19a4d4695dfda7356c0eb6fc8f0bc"},
    {file = "lief-0.17.2-cp38-cp38-musllinux_1_2_i686.whl", hash = "sha256:d2e17ab7df3d69ed2883f57e01be7344280d9c842a2e292b7e416b4b117a0e67"},
    {file = "lief-0.17.2-cp38-cp38-musllinux_1_2_x86_64.whl", hash = "sha256:d7a5dac1daa34784be48536a66357c2eeb92af525146068cbb820f640d90f6aa"},
    {file = "lief-0.17.2-cp38-cp38-win32.whl", hash = "sha256:a19781801ad01793c4e2224495c2b00207595c8a17822238237167979422dcb5"},
    {file = "lief-0.17.2-cp38-cp38-win_amd64.whl", hash = "sha256:3a0401dd89085d6aa8dfbd7894b4e546c169cbca00de1d3f8c5856242f983563"},
    {file = "lief-0.17.2-cp39-cp39-macosx_11_0_arm64.whl", hash = "sha256:92dae3da631d5676642530783c46014c06f214fc4c192397e949b66dbb02b087"},
    {file = "lief-0.17.2-cp39-cp39-macosx_11_0_x86_64.whl", hash = "sha256:94fa60982b3f786a4e34b04379f0d328f2b2b0e7ae5bfa81b9396d63db54403b"},
    {file = "lief-0.17.2-cp39-cp39-manylinux2014_aarch64.whl", hash = "sha256:2056cf0590d0869c5e4edbf6f21789542602393eb6a9706666ed8cc2ded73617"},
    {file = "lief-0.17.2-cp39-cp39-manylinux_2_28_i686.whl", hash = "sha256:658f37d2844e693f60efb3dd9e4168eacec85d1a7081231c4b5d294a6fb76eb4"},
    {file = "lief-0.17.2-cp39-cp39-manylinux_2_28_x86_64.whl", hash = "sha256:f43910f376805eebbdc194af35077816ed67b2b531ae8de70f733d56de5d8622"},
    {file = "lief-0.17.2-cp39-cp39-musllinux_1_2_aarch64.whl", hash = "sha256:928017cf027c330471f2de92e53e357107126a39861d91023001ecf01b4bda7e"},
    {file = "lief-0.17.2-cp39-cp39-musllinux_1_2_i686.whl", hash = "sha256:4a12ddf05fcac718c9db163c5dad6536716d639f0f9d8b2af60ca7c97171db17"},
    {file = "lief-0.17.2-cp39-cp39-musllinux_1_2_x86_64.whl", hash = "sha256:1a4f1a3dcead3b78b0f2b1855a3fe6a2cc5b9ecfc62be210b58e7f4235682609"},
    {file = "lief-0.17.2-cp39-cp39-win32.whl", hash = "sha256:1e25eab6f9199597643aff70540e0bd16b1a61996bb28c870427826fe3496bdb"},
    {file = "lief-0.17.2-cp39-cp39-win_amd64.whl", hash = "sha256:6b308ccd4cb7fa96b002f51a1a5fb6ae8824060a1bd8b87a9376c533f29c8f82"},
]

[metadata]
lock-version = "2.1"
python-versions = "^3.11"
content-hash = "31f0a92dc41ef60d6a94ceae8109ce5edc1e4d5101a34c3296b59d00e864f3a5"
